
Microsoft Visual Studio Solution File, Format Version 12.00
# Visual Studio Version 16
VisualStudioVersion = 16.0.30107.140
MinimumVisualStudioVersion = 10.0.40219.1
Project("{FAE04EC0-301F-11D3-BF4B-00C04F79EFBC}") = "UnitTesting.Basics", "UnitTesting.Basics\UnitTesting.Basics.csproj", "{A6286999-AEB4-42E1-95BD-4FDAEFB58E11}"
EndProject
Project("{FAE04EC0-301F-11D3-BF4B-00C04F79EFBC}") = "UnitTesting.Basics.Tests", "UnitTesting.Basics.Tests\UnitTesting.Basics.Tests.csproj", "{1A38EFDE-EB1D-48BE-9858-1A3C5D236CC3}"
EndProject
Global
	GlobalSection(SolutionConfigurationPlatforms) = preSolution
		Debug|Any CPU = Debug|Any CPU
		Release|Any CPU = Release|Any CPU
	EndGlobalSection
	GlobalSection(ProjectConfigurationPlatforms) = postSolution
		{A6286999-AEB4-42E1-95BD-4FDAEFB58E11}.Debug|Any CPU.ActiveCfg = Debug|Any CPU
		{A6286999-AEB4-42E1-95BD-4FDAEFB58E11}.Debug|Any CPU.Build.0 = Debug|Any CPU
		{A6286999-AEB4-42E1-95BD-4FDAEFB58E11}.Release|Any CPU.ActiveCfg = Release|Any CPU
		{A6286999-AEB4-42E1-95BD-4FDAEFB58E11}.Release|Any CPU.Build.0 = Release|Any CPU
		{1A38EFDE-EB1D-48BE-9858-1A3C5D236CC3}.Debug|Any CPU.ActiveCfg = Debug|Any CPU
		{1A38EFDE-EB1D-48BE-9858-1A3C5D236CC3}.Debug|Any CPU.Build.0 = Debug|Any CPU
		{1A38EFDE-EB1D-48BE-9858-1A3C5D236CC3}.Release|Any CPU.ActiveCfg = Release|Any CPU
		{1A38EFDE-EB1D-48BE-9858-1A3C5D236CC3}.Release|Any CPU.Build.0 = Release|Any CPU
	EndGlobalSection
	GlobalSection(SolutionProperties) = preSolution
		HideSolutionNode = FALSE
	EndGlobalSection
	GlobalSection(ExtensibilityGlobals) = postSolution
		SolutionGuid = {1C080278-EE94-4FCA-82C2-400C2869638E}
	EndGlobalSection
EndGlobal
